
Microsoft Visual Studio Solution File, Format Version 12.00
# Visual Studio 15
VisualStudioVersion = 15.0.28010.2041
MinimumVisualStudioVersion = 10.0.40219.1
Project("{FAE04EC0-301F-11D3-BF4B-00C04F79EFBC}") = "RayTracer", "RayTracer\RayTracer.csproj", "{F4B2F861-A86B-42ED-A280-40AFACA33C2F}"
EndProject
Project("{FAE04EC0-301F-11D3-BF4B-00C04F79EFBC}") = "RayTracerTest", "RayTracerTest\RayTracerTest.csproj", "{FFE301D8-CC49-45B5-8389-2AE911E25B6E}"
EndProject
Project("{FAE04EC0-301F-11D3-BF4B-00C04F79EFBC}") = "RayTracerLib", "RayTracerLib\RayTracerLib.csproj", "{0DBE07CE-B53F-457F-B1F2-3D93DCE8551B}"
EndProject
Project("{FAE04EC0-301F-11D3-BF4B-00C04F79EFBC}") = "DebugIntersect", "Debug\DebugIntersect\DebugIntersect.csproj", "{44DFE9E0-F9EF-4DDD-9DC2-0917F35D3CE3}"
EndProject
Project("{FAE04EC0-301F-11D3-BF4B-00C04F79EFBC}") = "DebugLightAndShading", "Debug\DebugLightAndShading\DebugLightAndShading.csproj", "{6ED1EDD4-9750-4619-99C0-997CF4DA52EF}"
EndProject
Project("{FAE04EC0-301F-11D3-BF4B-00C04F79EFBC}") = "DebugMakingAScene", "Debug\DebugMakingAScene\DebugMakingAScene.csproj", "{72EB67C2-B7D3-414B-B4A9-6CC44BFBFA5B}"
EndProject
Project("{FAE04EC0-301F-11D3-BF4B-00C04F79EFBC}") = "DebugMatrix", "Debug\DebugMatrix\DebugMatrix.csproj", "{16EBF2BF-2B71-4B06-80BE-216153E043A5}"
EndProject
Project("{FAE04EC0-301F-11D3-BF4B-00C04F79EFBC}") = "DebugPatterns", "Debug\DebugPatterns\DebugPatterns.csproj", "{91960254-B4C7-4A67-87EC-9A3AA32FB5BE}"
EndProject
Project("{FAE04EC0-301F-11D3-BF4B-00C04F79EFBC}") = "DebugPlanes", "Debug\DebugPlanes\DebugPlanes.csproj", "{3C1F2A0A-C0A3-4E6E-B208-C953D7056796}"
EndProject
Project("{FAE04EC0-301F-11D3-BF4B-00C04F79EFBC}") = "DebugPPM", "Debug\DebugPPM\DebugPPM.csproj", "{36F60B01-350B-44F8-8751-3017BDA9CDA8}"
EndProject
Project("{FAE04EC0-301F-11D3-BF4B-00C04F79EFBC}") = "DebugTransforms", "Debug\DebugTransforms\DebugTransforms.csproj", "{011057BD-FCC1-41A4-853D-42C6FF173129}"
EndProject
Project("{FAE04EC0-301F-11D3-BF4B-00C04F79EFBC}") = "CheckeredSphere", "Demo\CheckeredSphere\CheckeredSphere.csproj", "{1BCBE1F6-A67A-4C62-A8C8-BCB9121A8AE9}"
EndProject
Project("{FAE04EC0-301F-11D3-BF4B-00C04F79EFBC}") = "ClockFace", "Demo\ClockFace\ClockFace.csproj", "{7927E637-B586-4D5C-AEE4-03A9DE79D618}"
EndProject
Project("{FAE04EC0-301F-11D3-BF4B-00C04F79EFBC}") = "ConeDemo", "Demo\ConeDemo\ConeDemo.csproj", "{7FE26379-4A05-441B-9FF4-3BFADDB753E3}"
EndProject
Project("{FAE04EC0-301F-11D3-BF4B-00C04F79EFBC}") = "CubeDemo", "Demo\CubeDemo\CubeDemo.csproj", "{DEE21E45-73EC-4514-9787-C0ADD1C506DC}"
EndProject
Project("{FAE04EC0-301F-11D3-BF4B-00C04F79EFBC}") = "CubeDemo2", "Demo\CubeDemo2\CubeDemo2.csproj", "{B780550E-022B-409B-9B73-86012C6ECC38}"
EndProject
Project("{FAE04EC0-301F-11D3-BF4B-00C04F79EFBC}") = "CylinderDemo", "Demo\CylinderDemo\CylinderDemo.csproj", "{55400260-A7CC-4069-950A-314C8312DDA3}"
EndProject
Project("{FAE04EC0-301F-11D3-BF4B-00C04F79EFBC}") = "DemoStringBuilder", "Demo\DemoStringBuilder\DemoStringBuilder.csproj", "{2EC27D43-CAEF-49B4-BF91-87B1FB4F689B}"
EndProject
Project("{FAE04EC0-301F-11D3-BF4B-00C04F79EFBC}") = "GlassOfWater", "Demo\GlassOfWater\GlassOfWater.csproj", "{8ACB2AE5-532C-47C6-8115-C23290CAA239}"
EndProject
Project("{FAE04EC0-301F-11D3-BF4B-00C04F79EFBC}") = "GlassSphereOnChecks", "Demo\GlassSphereOnChecks\GlassSphereOnChecks.csproj", "{5399491F-F9F2-449B-932C-E65A10F0C6A7}"
EndProject
Project("{FAE04EC0-301F-11D3-BF4B-00C04F79EFBC}") = "GlassSphereWithAirBubble", "Demo\GlassSpherewithAirBubble\GlassSphereWithAirBubble.csproj", "{72C1B694-2948-4475-831E-1BC60B488206}"
EndProject
Project("{FAE04EC0-301F-11D3-BF4B-00C04F79EFBC}") = "Hexagon", "Demo\Hexagon\Hexagon.csproj", "{36234294-418D-4E66-9997-1E53508DEC12}"
EndProject
Project("{FAE04EC0-301F-11D3-BF4B-00C04F79EFBC}") = "LineSegmentDemo", "Demo\LineSegmentDemo\LineSegmentDemo.csproj", "{F9AA1A72-AB5F-4DE4-820A-8083CA9EA643}"
EndProject
Project("{FAE04EC0-301F-11D3-BF4B-00C04F79EFBC}") = "MakeAScene", "Demo\MakeAScene\MakeAScene.csproj", "{1BC014C6-8271-48EE-AD9A-5A1EA0613CDC}"
EndProject
Project("{FAE04EC0-301F-11D3-BF4B-00C04F79EFBC}") = "PhongReflection", "Demo\PhongReflection\PhongReflection.csproj", "{19122D18-FF71-4F30-AE42-EB2867B779B7}"
EndProject
Project("{FAE04EC0-301F-11D3-BF4B-00C04F79EFBC}") = "Projectile", "Demo\Projectile\Projectile.csproj", "{58FD6B8D-6A0D-44BE-A6D5-DD44451B8C9A}"
EndProject
Project("{FAE04EC0-301F-11D3-BF4B-00C04F79EFBC}") = "RenderTriangleMesh", "Demo\RenderTriangleMesh\RenderTriangleMesh.csproj", "{8E39E141-7116-4B87-9E58-3437A14F95AF}"
EndProject
Project("{FAE04EC0-301F-11D3-BF4B-00C04F79EFBC}") = "SceneWithShadows", "Demo\ScenewithShadows\SceneWithShadows.csproj", "{05AA9DD8-CA16-443F-A5E1-DB3D10E9D4BF}"
EndProject
Project("{FAE04EC0-301F-11D3-BF4B-00C04F79EFBC}") = "SphereShadow", "Demo\SphereShadow\SphereShadow.csproj", "{34A07B21-4678-4123-8169-7AC2B3B1E47C}"
EndProject
Project("{FAE04EC0-301F-11D3-BF4B-00C04F79EFBC}") = "SpheresOnPlane", "Demo\SpheresOnPlane\SpheresOnPlane.csproj", "{1E6A0A9F-C7AF-475A-BE4E-C44F2CE04237}"
EndProject
Project("{FAE04EC0-301F-11D3-BF4B-00C04F79EFBC}") = "StripesPatternTest", "Demo\StripesPatternTest\StripesPatternTest.csproj", "{26E30A4C-F23A-4045-BA72-A9508ABF65A7}"
EndProject
Project("{FAE04EC0-301F-11D3-BF4B-00C04F79EFBC}") = "TriangleDemo", "Demo\TriangleDemo\TriangleDemo.csproj", "{A818CD42-63CC-4B79-BA7B-7DD65DA6CAA5}"
EndProject
Project("{2150E333-8FDC-42A3-9474-1A3956D46DE8}") = "Solution Items", "Solution Items", "{07F56335-00B5-4683-B744-E18809739ED1}"
	ProjectSection(SolutionItems) = preProject
		.editorconfig = .editorconfig
	EndProjectSection
EndProject
Global
	GlobalSection(SolutionConfigurationPlatforms) = preSolution
		Debug|Any CPU = Debug|Any CPU
		Debug|x64 = Debug|x64
		Debug|x86 = Debug|x86
		Release|Any CPU = Release|Any CPU
		Release|x64 = Release|x64
		Release|x86 = Release|x86
	EndGlobalSection
	GlobalSection(ProjectConfigurationPlatforms) = postSolution
		{F4B2F861-A86B-42ED-A280-40AFACA33C2F}.Debug|Any CPU.ActiveCfg = Debug|Any CPU
		{F4B2F861-A86B-42ED-A280-40AFACA33C2F}.Debug|Any CPU.Build.0 = Debug|Any CPU
		{F4B2F861-A86B-42ED-A280-40AFACA33C2F}.Debug|x64.ActiveCfg = Debug|Any CPU
		{F4B2F861-A86B-42ED-A280-40AFACA33C2F}.Debug|x64.Build.0 = Debug|Any CPU
		{F4B2F861-A86B-42ED-A280-40AFACA33C2F}.Debug|x86.ActiveCfg = Debug|Any CPU
		{F4B2F861-A86B-42ED-A280-40AFACA33C2F}.Debug|x86.Build.0 = Debug|Any CPU
		{F4B2F861-A86B-42ED-A280-40AFACA33C2F}.Release|Any CPU.ActiveCfg = Release|Any CPU
		{F4B2F861-A86B-42ED-A280-40AFACA33C2F}.Release|Any CPU.Build.0 = Release|Any CPU
		{F4B2F861-A86B-42ED-A280-40AFACA33C2F}.Release|x64.ActiveCfg = Release|Any CPU
		{F4B2F861-A86B-42ED-A280-40AFACA33C2F}.Release|x64.Build.0 = Release|Any CPU
		{F4B2F861-A86B-42ED-A280-40AFACA33C2F}.Release|x86.ActiveCfg = Release|Any CPU
		{F4B2F861-A86B-42ED-A280-40AFACA33C2F}.Release|x86.Build.0 = Release|Any CPU
		{FFE301D8-CC49-45B5-8389-2AE911E25B6E}.Debug|Any CPU.ActiveCfg = Debug|Any CPU
		{FFE301D8-CC49-45B5-8389-2AE911E25B6E}.Debug|Any CPU.Build.0 = Debug|Any CPU
		{FFE301D8-CC49-45B5-8389-2AE911E25B6E}.Debug|x64.ActiveCfg = Debug|Any CPU
		{FFE301D8-CC49-45B5-8389-2AE911E25B6E}.Debug|x64.Build.0 = Debug|Any CPU
		{FFE301D8-CC49-45B5-8389-2AE911E25B6E}.Debug|x86.ActiveCfg = Debug|Any CPU
		{FFE301D8-CC49-45B5-8389-2AE911E25B6E}.Debug|x86.Build.0 = Debug|Any CPU
		{FFE301D8-CC49-45B5-8389-2AE911E25B6E}.Release|Any CPU.ActiveCfg = Release|Any CPU
		{FFE301D8-CC49-45B5-8389-2AE911E25B6E}.Release|Any CPU.Build.0 = Release|Any CPU
		{FFE301D8-CC49-45B5-8389-2AE911E25B6E}.Release|x64.ActiveCfg = Release|Any CPU
		{FFE301D8-CC49-45B5-8389-2AE911E25B6E}.Release|x64.Build.0 = Release|Any CPU
		{FFE301D8-CC49-45B5-8389-2AE911E25B6E}.Release|x86.ActiveCfg = Release|Any CPU
		{FFE301D8-CC49-45B5-8389-2AE911E25B6E}.Release|x86.Build.0 = Release|Any CPU
		{0DBE07CE-B53F-457F-B1F2-3D93DCE8551B}.Debug|Any CPU.ActiveCfg = Debug|Any CPU
		{0DBE07CE-B53F-457F-B1F2-3D93DCE8551B}.Debug|Any CPU.Build.0 = Debug|Any CPU
		{0DBE07CE-B53F-457F-B1F2-3D93DCE8551B}.Debug|x64.ActiveCfg = Debug|Any CPU
		{0DBE07CE-B53F-457F-B1F2-3D93DCE8551B}.Debug|x64.Build.0 = Debug|Any CPU
		{0DBE07CE-B53F-457F-B1F2-3D93DCE8551B}.Debug|x86.ActiveCfg = Debug|Any CPU
		{0DBE07CE-B53F-457F-B1F2-3D93DCE8551B}.Debug|x86.Build.0 = Debug|Any CPU
		{0DBE07CE-B53F-457F-B1F2-3D93DCE8551B}.Release|Any CPU.ActiveCfg = Release|Any CPU
		{0DBE07CE-B53F-457F-B1F2-3D93DCE8551B}.Release|Any CPU.Build.0 = Release|Any CPU
		{0DBE07CE-B53F-457F-B1F2-3D93DCE8551B}.Release|x64.ActiveCfg = Release|Any CPU
		{0DBE07CE-B53F-457F-B1F2-3D93DCE8551B}.Release|x64.Build.0 = Release|Any CPU
		{0DBE07CE-B53F-457F-B1F2-3D93DCE8551B}.Release|x86.ActiveCfg = Release|Any CPU
		{0DBE07CE-B53F-457F-B1F2-3D93DCE8551B}.Release|x86.Build.0 = Release|Any CPU
		{44DFE9E0-F9EF-4DDD-9DC2-0917F35D3CE3}.Debug|Any CPU.ActiveCfg = Debug|Any CPU
		{44DFE9E0-F9EF-4DDD-9DC2-0917F35D3CE3}.Debug|Any CPU.Build.0 = Debug|Any CPU
		{44DFE9E0-F9EF-4DDD-9DC2-0917F35D3CE3}.Debug|x64.ActiveCfg = Debug|Any CPU
		{44DFE9E0-F9EF-4DDD-9DC2-0917F35D3CE3}.Debug|x64.Build.0 = Debug|Any CPU
		{44DFE9E0-F9EF-4DDD-9DC2-0917F35D3CE3}.Debug|x86.ActiveCfg = Debug|Any CPU
		{44DFE9E0-F9EF-4DDD-9DC2-0917F35D3CE3}.Debug|x86.Build.0 = Debug|Any CPU
		{44DFE9E0-F9EF-4DDD-9DC2-0917F35D3CE3}.Release|Any CPU.ActiveCfg = Release|Any CPU
		{44DFE9E0-F9EF-4DDD-9DC2-0917F35D3CE3}.Release|Any CPU.Build.0 = Release|Any CPU
		{44DFE9E0-F9EF-4DDD-9DC2-0917F35D3CE3}.Release|x64.ActiveCfg = Release|Any CPU
		{44DFE9E0-F9EF-4DDD-9DC2-0917F35D3CE3}.Release|x64.Build.0 = Release|Any CPU
		{44DFE9E0-F9EF-4DDD-9DC2-0917F35D3CE3}.Release|x86.ActiveCfg = Release|Any CPU
		{44DFE9E0-F9EF-4DDD-9DC2-0917F35D3CE3}.Release|x86.Build.0 = Release|Any CPU
		{6ED1EDD4-9750-4619-99C0-997CF4DA52EF}.Debug|Any CPU.ActiveCfg = Debug|Any CPU
		{6ED1EDD4-9750-4619-99C0-997CF4DA52EF}.Debug|Any CPU.Build.0 = Debug|Any CPU
		{6ED1EDD4-9750-4619-99C0-997CF4DA52EF}.Debug|x64.ActiveCfg = Debug|Any CPU
		{6ED1EDD4-9750-4619-99C0-997CF4DA52EF}.Debug|x64.Build.0 = Debug|Any CPU
		{6ED1EDD4-9750-4619-99C0-997CF4DA52EF}.Debug|x86.ActiveCfg = Debug|Any CPU
		{6ED1EDD4-9750-4619-99C0-997CF4DA52EF}.Debug|x86.Build.0 = Debug|Any CPU
		{6ED1EDD4-9750-4619-99C0-997CF4DA52EF}.Release|Any CPU.ActiveCfg = Release|Any CPU
		{6ED1EDD4-9750-4619-99C0-997CF4DA52EF}.Release|Any CPU.Build.0 = Release|Any CPU
		{6ED1EDD4-9750-4619-99C0-997CF4DA52EF}.Release|x64.ActiveCfg = Release|Any CPU
		{6ED1EDD4-9750-4619-99C0-997CF4DA52EF}.Release|x64.Build.0 = Release|Any CPU
		{6ED1EDD4-9750-4619-99C0-997CF4DA52EF}.Release|x86.ActiveCfg = Release|Any CPU
		{6ED1EDD4-9750-4619-99C0-997CF4DA52EF}.Release|x86.Build.0 = Release|Any CPU
		{72EB67C2-B7D3-414B-B4A9-6CC44BFBFA5B}.Debug|Any CPU.ActiveCfg = Debug|Any CPU
		{72EB67C2-B7D3-414B-B4A9-6CC44BFBFA5B}.Debug|Any CPU.Build.0 = Debug|Any CPU
		{72EB67C2-B7D3-414B-B4A9-6CC44BFBFA5B}.Debug|x64.ActiveCfg = Debug|Any CPU
		{72EB67C2-B7D3-414B-B4A9-6CC44BFBFA5B}.Debug|x64.Build.0 = Debug|Any CPU
		{72EB67C2-B7D3-414B-B4A9-6CC44BFBFA5B}.Debug|x86.ActiveCfg = Debug|Any CPU
		{72EB67C2-B7D3-414B-B4A9-6CC44BFBFA5B}.Debug|x86.Build.0 = Debug|Any CPU
		{72EB67C2-B7D3-414B-B4A9-6CC44BFBFA5B}.Release|Any CPU.ActiveCfg = Release|Any CPU
		{72EB67C2-B7D3-414B-B4A9-6CC44BFBFA5B}.Release|Any CPU.Build.0 = Release|Any CPU
		{72EB67C2-B7D3-414B-B4A9-6CC44BFBFA5B}.Release|x64.ActiveCfg = Release|Any CPU
		{72EB67C2-B7D3-414B-B4A9-6CC44BFBFA5B}.Release|x64.Build.0 = Release|Any CPU
		{72EB67C2-B7D3-414B-B4A9-6CC44BFBFA5B}.Release|x86.ActiveCfg = Release|Any CPU
		{72EB67C2-B7D3-414B-B4A9-6CC44BFBFA5B}.Release|x86.Build.0 = Release|Any CPU
		{16EBF2BF-2B71-4B06-80BE-216153E043A5}.Debug|Any CPU.ActiveCfg = Debug|Any CPU
		{16EBF2BF-2B71-4B06-80BE-216153E043A5}.Debug|Any CPU.Build.0 = Debug|Any CPU
		{16EBF2BF-2B71-4B06-80BE-216153E043A5}.Debug|x64.ActiveCfg = Debug|Any CPU
		{16EBF2BF-2B71-4B06-80BE-216153E043A5}.Debug|x64.Build.0 = Debug|Any CPU
		{16EBF2BF-2B71-4B06-80BE-216153E043A5}.Debug|x86.ActiveCfg = Debug|Any CPU
		{16EBF2BF-2B71-4B06-80BE-216153E043A5}.Debug|x86.Build.0 = Debug|Any CPU
		{16EBF2BF-2B71-4B06-80BE-216153E043A5}.Release|Any CPU.ActiveCfg = Release|Any CPU
		{16EBF2BF-2B71-4B06-80BE-216153E043A5}.Release|Any CPU.Build.0 = Release|Any CPU
		{16EBF2BF-2B71-4B06-80BE-216153E043A5}.Release|x64.ActiveCfg = Release|Any CPU
		{16EBF2BF-2B71-4B06-80BE-216153E043A5}.Release|x64.Build.0 = Release|Any CPU
		{16EBF2BF-2B71-4B06-80BE-216153E043A5}.Release|x86.ActiveCfg = Release|Any CPU
		{16EBF2BF-2B71-4B06-80BE-216153E043A5}.Release|x86.Build.0 = Release|Any CPU
		{91960254-B4C7-4A67-87EC-9A3AA32FB5BE}.Debug|Any CPU.ActiveCfg = Debug|Any CPU
		{91960254-B4C7-4A67-87EC-9A3AA32FB5BE}.Debug|Any CPU.Build.0 = Debug|Any CPU
		{91960254-B4C7-4A67-87EC-9A3AA32FB5BE}.Debug|x64.ActiveCfg = Debug|Any CPU
		{91960254-B4C7-4A67-87EC-9A3AA32FB5BE}.Debug|x64.Build.0 = Debug|Any CPU
		{91960254-B4C7-4A67-87EC-9A3AA32FB5BE}.Debug|x86.ActiveCfg = Debug|Any CPU
		{91960254-B4C7-4A67-87EC-9A3AA32FB5BE}.Debug|x86.Build.0 = Debug|Any CPU
		{91960254-B4C7-4A67-87EC-9A3AA32FB5BE}.Release|Any CPU.ActiveCfg = Release|Any CPU
		{91960254-B4C7-4A67-87EC-9A3AA32FB5BE}.Release|Any CPU.Build.0 = Release|Any CPU
		{91960254-B4C7-4A67-87EC-9A3AA32FB5BE}.Release|x64.ActiveCfg = Release|Any CPU
		{91960254-B4C7-4A67-87EC-9A3AA32FB5BE}.Release|x64.Build.0 = Release|Any CPU
		{91960254-B4C7-4A67-87EC-9A3AA32FB5BE}.Release|x86.ActiveCfg = Release|Any CPU
		{91960254-B4C7-4A67-87EC-9A3AA32FB5BE}.Release|x86.Build.0 = Release|Any CPU
		{3C1F2A0A-C0A3-4E6E-B208-C953D7056796}.Debug|Any CPU.ActiveCfg = Debug|Any CPU
		{3C1F2A0A-C0A3-4E6E-B208-C953D7056796}.Debug|Any CPU.Build.0 = Debug|Any CPU
		{3C1F2A0A-C0A3-4E6E-B208-C953D7056796}.Debug|x64.ActiveCfg = Debug|Any CPU
		{3C1F2A0A-C0A3-4E6E-B208-C953D7056796}.Debug|x64.Build.0 = Debug|Any CPU
		{3C1F2A0A-C0A3-4E6E-B208-C953D7056796}.Debug|x86.ActiveCfg = Debug|Any CPU
		{3C1F2A0A-C0A3-4E6E-B208-C953D7056796}.Debug|x86.Build.0 = Debug|Any CPU
		{3C1F2A0A-C0A3-4E6E-B208-C953D7056796}.Release|Any CPU.ActiveCfg = Release|Any CPU
		{3C1F2A0A-C0A3-4E6E-B208-C953D7056796}.Release|Any CPU.Build.0 = Release|Any CPU
		{3C1F2A0A-C0A3-4E6E-B208-C953D7056796}.Release|x64.ActiveCfg = Release|Any CPU
		{3C1F2A0A-C0A3-4E6E-B208-C953D7056796}.Release|x64.Build.0 = Release|Any CPU
		{3C1F2A0A-C0A3-4E6E-B208-C953D7056796}.Release|x86.ActiveCfg = Release|Any CPU
		{3C1F2A0A-C0A3-4E6E-B208-C953D7056796}.Release|x86.Build.0 = Release|Any CPU
		{36F60B01-350B-44F8-8751-3017BDA9CDA8}.Debug|Any CPU.ActiveCfg = Debug|Any CPU
		{36F60B01-350B-44F8-8751-3017BDA9CDA8}.Debug|Any CPU.Build.0 = Debug|Any CPU
		{36F60B01-350B-44F8-8751-3017BDA9CDA8}.Debug|x64.ActiveCfg = Debug|Any CPU
		{36F60B01-350B-44F8-8751-3017BDA9CDA8}.Debug|x64.Build.0 = Debug|Any CPU
		{36F60B01-350B-44F8-8751-3017BDA9CDA8}.Debug|x86.ActiveCfg = Debug|Any CPU
		{36F60B01-350B-44F8-8751-3017BDA9CDA8}.Debug|x86.Build.0 = Debug|Any CPU
		{36F60B01-350B-44F8-8751-3017BDA9CDA8}.Release|Any CPU.ActiveCfg = Release|Any CPU
		{36F60B01-350B-44F8-8751-3017BDA9CDA8}.Release|Any CPU.Build.0 = Release|Any CPU
		{36F60B01-350B-44F8-8751-3017BDA9CDA8}.Release|x64.ActiveCfg = Release|Any CPU
		{36F60B01-350B-44F8-8751-3017BDA9CDA8}.Release|x64.Build.0 = Release|Any CPU
		{36F60B01-350B-44F8-8751-3017BDA9CDA8}.Release|x86.ActiveCfg = Release|Any CPU
		{36F60B01-350B-44F8-8751-3017BDA9CDA8}.Release|x86.Build.0 = Release|Any CPU
		{011057BD-FCC1-41A4-853D-42C6FF173129}.Debug|Any CPU.ActiveCfg = Debug|Any CPU
		{011057BD-FCC1-41A4-853D-42C6FF173129}.Debug|Any CPU.Build.0 = Debug|Any CPU
		{011057BD-FCC1-41A4-853D-42C6FF173129}.Debug|x64.ActiveCfg = Debug|Any CPU
		{011057BD-FCC1-41A4-853D-42C6FF173129}.Debug|x64.Build.0 = Debug|Any CPU
		{011057BD-FCC1-41A4-853D-42C6FF173129}.Debug|x86.ActiveCfg = Debug|Any CPU
		{011057BD-FCC1-41A4-853D-42C6FF173129}.Debug|x86.Build.0 = Debug|Any CPU
		{011057BD-FCC1-41A4-853D-42C6FF173129}.Release|Any CPU.ActiveCfg = Release|Any CPU
		{011057BD-FCC1-41A4-853D-42C6FF173129}.Release|Any CPU.Build.0 = Release|Any CPU
		{011057BD-FCC1-41A4-853D-42C6FF173129}.Release|x64.ActiveCfg = Release|Any CPU
		{011057BD-FCC1-41A4-853D-42C6FF173129}.Release|x64.Build.0 = Release|Any CPU
		{011057BD-FCC1-41A4-853D-42C6FF173129}.Release|x86.ActiveCfg = Release|Any CPU
		{011057BD-FCC1-41A4-853D-42C6FF173129}.Release|x86.Build.0 = Release|Any CPU
		{1BCBE1F6-A67A-4C62-A8C8-BCB9121A8AE9}.Debug|Any CPU.ActiveCfg = Debug|Any CPU
		{1BCBE1F6-A67A-4C62-A8C8-BCB9121A8AE9}.Debug|Any CPU.Build.0 = Debug|Any CPU
		{1BCBE1F6-A67A-4C62-A8C8-BCB9121A8AE9}.Debug|x64.ActiveCfg = Debug|Any CPU
		{1BCBE1F6-A67A-4C62-A8C8-BCB9121A8AE9}.Debug|x64.Build.0 = Debug|Any CPU
		{1BCBE1F6-A67A-4C62-A8C8-BCB9121A8AE9}.Debug|x86.ActiveCfg = Debug|Any CPU
		{1BCBE1F6-A67A-4C62-A8C8-BCB9121A8AE9}.Debug|x86.Build.0 = Debug|Any CPU
		{1BCBE1F6-A67A-4C62-A8C8-BCB9121A8AE9}.Release|Any CPU.ActiveCfg = Release|Any CPU
		{1BCBE1F6-A67A-4C62-A8C8-BCB9121A8AE9}.Release|Any CPU.Build.0 = Release|Any CPU
		{1BCBE1F6-A67A-4C62-A8C8-BCB9121A8AE9}.Release|x64.ActiveCfg = Release|Any CPU
		{1BCBE1F6-A67A-4C62-A8C8-BCB9121A8AE9}.Release|x64.Build.0 = Release|Any CPU
		{1BCBE1F6-A67A-4C62-A8C8-BCB9121A8AE9}.Release|x86.ActiveCfg = Release|Any CPU
		{1BCBE1F6-A67A-4C62-A8C8-BCB9121A8AE9}.Release|x86.Build.0 = Release|Any CPU
		{7927E637-B586-4D5C-AEE4-03A9DE79D618}.Debug|Any CPU.ActiveCfg = Debug|Any CPU
		{7927E637-B586-4D5C-AEE4-03A9DE79D618}.Debug|Any CPU.Build.0 = Debug|Any CPU
		{7927E637-B586-4D5C-AEE4-03A9DE79D618}.Debug|x64.ActiveCfg = Debug|Any CPU
		{7927E637-B586-4D5C-AEE4-03A9DE79D618}.Debug|x64.Build.0 = Debug|Any CPU
		{7927E637-B586-4D5C-AEE4-03A9DE79D618}.Debug|x86.ActiveCfg = Debug|Any CPU
		{7927E637-B586-4D5C-AEE4-03A9DE79D618}.Debug|x86.Build.0 = Debug|Any CPU
		{7927E637-B586-4D5C-AEE4-03A9DE79D618}.Release|Any CPU.ActiveCfg = Release|Any CPU
		{7927E637-B586-4D5C-AEE4-03A9DE79D618}.Release|Any CPU.Build.0 = Release|Any CPU
		{7927E637-B586-4D5C-AEE4-03A9DE79D618}.Release|x64.ActiveCfg = Release|Any CPU
		{7927E637-B586-4D5C-AEE4-03A9DE79D618}.Release|x64.Build.0 = Release|Any CPU
		{7927E637-B586-4D5C-AEE4-03A9DE79D618}.Release|x86.ActiveCfg = Release|Any CPU
		{7927E637-B586-4D5C-AEE4-03A9DE79D618}.Release|x86.Build.0 = Release|Any CPU
		{7FE26379-4A05-441B-9FF4-3BFADDB753E3}.Debug|Any CPU.ActiveCfg = Debug|Any CPU
		{7FE26379-4A05-441B-9FF4-3BFADDB753E3}.Debug|Any CPU.Build.0 = Debug|Any CPU
		{7FE26379-4A05-441B-9FF4-3BFADDB753E3}.Debug|x64.ActiveCfg = Debug|Any CPU
		{7FE26379-4A05-441B-9FF4-3BFADDB753E3}.Debug|x64.Build.0 = Debug|Any CPU
		{7FE26379-4A05-441B-9FF4-3BFADDB753E3}.Debug|x86.ActiveCfg = Debug|Any CPU
		{7FE26379-4A05-441B-9FF4-3BFADDB753E3}.Debug|x86.Build.0 = Debug|Any CPU
		{7FE26379-4A05-441B-9FF4-3BFADDB753E3}.Release|Any CPU.ActiveCfg = Release|Any CPU
		{7FE26379-4A05-441B-9FF4-3BFADDB753E3}.Release|Any CPU.Build.0 = Release|Any CPU
		{7FE26379-4A05-441B-9FF4-3BFADDB753E3}.Release|x64.ActiveCfg = Release|Any CPU
		{7FE26379-4A05-441B-9FF4-3BFADDB753E3}.Release|x64.Build.0 = Release|Any CPU
		{7FE26379-4A05-441B-9FF4-3BFADDB753E3}.Release|x86.ActiveCfg = Release|Any CPU
		{7FE26379-4A05-441B-9FF4-3BFADDB753E3}.Release|x86.Build.0 = Release|Any CPU
		{DEE21E45-73EC-4514-9787-C0ADD1C506DC}.Debug|Any CPU.ActiveCfg = Debug|Any CPU
		{DEE21E45-73EC-4514-9787-C0ADD1C506DC}.Debug|Any CPU.Build.0 = Debug|Any CPU
		{DEE21E45-73EC-4514-9787-C0ADD1C506DC}.Debug|x64.ActiveCfg = Debug|Any CPU
		{DEE21E45-73EC-4514-9787-C0ADD1C506DC}.Debug|x64.Build.0 = Debug|Any CPU
		{DEE21E45-73EC-4514-9787-C0ADD1C506DC}.Debug|x86.ActiveCfg = Debug|Any CPU
		{DEE21E45-73EC-4514-9787-C0ADD1C506DC}.Debug|x86.Build.0 = Debug|Any CPU
		{DEE21E45-73EC-4514-9787-C0ADD1C506DC}.Release|Any CPU.ActiveCfg = Release|Any CPU
		{DEE21E45-73EC-4514-9787-C0ADD1C506DC}.Release|Any CPU.Build.0 = Release|Any CPU
		{DEE21E45-73EC-4514-9787-C0ADD1C506DC}.Release|x64.ActiveCfg = Release|Any CPU
		{DEE21E45-73EC-4514-9787-C0ADD1C506DC}.Release|x64.Build.0 = Release|Any CPU
		{DEE21E45-73EC-4514-9787-C0ADD1C506DC}.Release|x86.ActiveCfg = Release|Any CPU
		{DEE21E45-73EC-4514-9787-C0ADD1C506DC}.Release|x86.Build.0 = Release|Any CPU
		{B780550E-022B-409B-9B73-86012C6ECC38}.Debug|Any CPU.ActiveCfg = Debug|Any CPU
		{B780550E-022B-409B-9B73-86012C6ECC38}.Debug|Any CPU.Build.0 = Debug|Any CPU
		{B780550E-022B-409B-9B73-86012C6ECC38}.Debug|x64.ActiveCfg = Debug|Any CPU
		{B780550E-022B-409B-9B73-86012C6ECC38}.Debug|x64.Build.0 = Debug|Any CPU
		{B780550E-022B-409B-9B73-86012C6ECC38}.Debug|x86.ActiveCfg = Debug|Any CPU
		{B780550E-022B-409B-9B73-86012C6ECC38}.Debug|x86.Build.0 = Debug|Any CPU
		{B780550E-022B-409B-9B73-86012C6ECC38}.Release|Any CPU.ActiveCfg = Release|Any CPU
		{B780550E-022B-409B-9B73-86012C6ECC38}.Release|Any CPU.Build.0 = Release|Any CPU
		{B780550E-022B-409B-9B73-86012C6ECC38}.Release|x64.ActiveCfg = Release|Any CPU
		{B780550E-022B-409B-9B73-86012C6ECC38}.Release|x64.Build.0 = Release|Any CPU
		{B780550E-022B-409B-9B73-86012C6ECC38}.Release|x86.ActiveCfg = Release|Any CPU
		{B780550E-022B-409B-9B73-86012C6ECC38}.Release|x86.Build.0 = Release|Any CPU
		{55400260-A7CC-4069-950A-314C8312DDA3}.Debug|Any CPU.ActiveCfg = Debug|Any CPU
		{55400260-A7CC-4069-950A-314C8312DDA3}.Debug|Any CPU.Build.0 = Debug|Any CPU
		{55400260-A7CC-4069-950A-314C8312DDA3}.Debug|x64.ActiveCfg = Debug|Any CPU
		{55400260-A7CC-4069-950A-314C8312DDA3}.Debug|x64.Build.0 = Debug|Any CPU
		{55400260-A7CC-4069-950A-314C8312DDA3}.Debug|x86.ActiveCfg = Debug|Any CPU
		{55400260-A7CC-4069-950A-314C8312DDA3}.Debug|x86.Build.0 = Debug|Any CPU
		{55400260-A7CC-4069-950A-314C8312DDA3}.Release|Any CPU.ActiveCfg = Release|Any CPU
		{55400260-A7CC-4069-950A-314C8312DDA3}.Release|Any CPU.Build.0 = Release|Any CPU
		{55400260-A7CC-4069-950A-314C8312DDA3}.Release|x64.ActiveCfg = Release|Any CPU
		{55400260-A7CC-4069-950A-314C8312DDA3}.Release|x64.Build.0 = Release|Any CPU
		{55400260-A7CC-4069-950A-314C8312DDA3}.Release|x86.ActiveCfg = Release|Any CPU
		{55400260-A7CC-4069-950A-314C8312DDA3}.Release|x86.Build.0 = Release|Any CPU
		{2EC27D43-CAEF-49B4-BF91-87B1FB4F689B}.Debug|Any CPU.ActiveCfg = Debug|Any CPU
		{2EC27D43-CAEF-49B4-BF91-87B1FB4F689B}.Debug|Any CPU.Build.0 = Debug|Any CPU
		{2EC27D43-CAEF-49B4-BF91-87B1FB4F689B}.Debug|x64.ActiveCfg = Debug|Any CPU
		{2EC27D43-CAEF-49B4-BF91-87B1FB4F689B}.Debug|x64.Build.0 = Debug|Any CPU
		{2EC27D43-CAEF-49B4-BF91-87B1FB4F689B}.Debug|x86.ActiveCfg = Debug|Any CPU
		{2EC27D43-CAEF-49B4-BF91-87B1FB4F689B}.Debug|x86.Build.0 = Debug|Any CPU
		{2EC27D43-CAEF-49B4-BF91-87B1FB4F689B}.Release|Any CPU.ActiveCfg = Release|Any CPU
		{2EC27D43-CAEF-49B4-BF91-87B1FB4F689B}.Release|Any CPU.Build.0 = Release|Any CPU
		{2EC27D43-CAEF-49B4-BF91-87B1FB4F689B}.Release|x64.ActiveCfg = Release|Any CPU
		{2EC27D43-CAEF-49B4-BF91-87B1FB4F689B}.Release|x64.Build.0 = Release|Any CPU
		{2EC27D43-CAEF-49B4-BF91-87B1FB4F689B}.Release|x86.ActiveCfg = Release|Any CPU
		{2EC27D43-CAEF-49B4-BF91-87B1FB4F689B}.Release|x86.Build.0 = Release|Any CPU
		{8ACB2AE5-532C-47C6-8115-C23290CAA239}.Debug|Any CPU.ActiveCfg = Debug|Any CPU
		{8ACB2AE5-532C-47C6-8115-C23290CAA239}.Debug|Any CPU.Build.0 = Debug|Any CPU
		{8ACB2AE5-532C-47C6-8115-C23290CAA239}.Debug|x64.ActiveCfg = Debug|Any CPU
		{8ACB2AE5-532C-47C6-8115-C23290CAA239}.Debug|x64.Build.0 = Debug|Any CPU
		{8ACB2AE5-532C-47C6-8115-C23290CAA239}.Debug|x86.ActiveCfg = Debug|Any CPU
		{8ACB2AE5-532C-47C6-8115-C23290CAA239}.Debug|x86.Build.0 = Debug|Any CPU
		{8ACB2AE5-532C-47C6-8115-C23290CAA239}.Release|Any CPU.ActiveCfg = Release|Any CPU
		{8ACB2AE5-532C-47C6-8115-C23290CAA239}.Release|Any CPU.Build.0 = Release|Any CPU
		{8ACB2AE5-532C-47C6-8115-C23290CAA239}.Release|x64.ActiveCfg = Release|Any CPU
		{8ACB2AE5-532C-47C6-8115-C23290CAA239}.Release|x64.Build.0 = Release|Any CPU
		{8ACB2AE5-532C-47C6-8115-C23290CAA239}.Release|x86.ActiveCfg = Release|Any CPU
		{8ACB2AE5-532C-47C6-8115-C23290CAA239}.Release|x86.Build.0 = Release|Any CPU
		{5399491F-F9F2-449B-932C-E65A10F0C6A7}.Debug|Any CPU.ActiveCfg = Debug|Any CPU
		{5399491F-F9F2-449B-932C-E65A10F0C6A7}.Debug|Any CPU.Build.0 = Debug|Any CPU
		{5399491F-F9F2-449B-932C-E65A10F0C6A7}.Debug|x64.ActiveCfg = Debug|Any CPU
		{5399491F-F9F2-449B-932C-E65A10F0C6A7}.Debug|x64.Build.0 = Debug|Any CPU
		{5399491F-F9F2-449B-932C-E65A10F0C6A7}.Debug|x86.ActiveCfg = Debug|Any CPU
		{5399491F-F9F2-449B-932C-E65A10F0C6A7}.Debug|x86.Build.0 = Debug|Any CPU
		{5399491F-F9F2-449B-932C-E65A10F0C6A7}.Release|Any CPU.ActiveCfg = Release|Any CPU
		{5399491F-F9F2-449B-932C-E65A10F0C6A7}.Release|Any CPU.Build.0 = Release|Any CPU
		{5399491F-F9F2-449B-932C-E65A10F0C6A7}.Release|x64.ActiveCfg = Release|Any CPU
		{5399491F-F9F2-449B-932C-E65A10F0C6A7}.Release|x64.Build.0 = Release|Any CPU
		{5399491F-F9F2-449B-932C-E65A10F0C6A7}.Release|x86.ActiveCfg = Release|Any CPU
		{5399491F-F9F2-449B-932C-E65A10F0C6A7}.Release|x86.Build.0 = Release|Any CPU
		{72C1B694-2948-4475-831E-1BC60B488206}.Debug|Any CPU.ActiveCfg = Debug|Any CPU
		{72C1B694-2948-4475-831E-1BC60B488206}.Debug|Any CPU.Build.0 = Debug|Any CPU
		{72C1B694-2948-4475-831E-1BC60B488206}.Debug|x64.ActiveCfg = Debug|Any CPU
		{72C1B694-2948-4475-831E-1BC60B488206}.Debug|x64.Build.0 = Debug|Any CPU
		{72C1B694-2948-4475-831E-1BC60B488206}.Debug|x86.ActiveCfg = Debug|Any CPU
		{72C1B694-2948-4475-831E-1BC60B488206}.Debug|x86.Build.0 = Debug|Any CPU
		{72C1B694-2948-4475-831E-1BC60B488206}.Release|Any CPU.ActiveCfg = Release|Any CPU
		{72C1B694-2948-4475-831E-1BC60B488206}.Release|Any CPU.Build.0 = Release|Any CPU
		{72C1B694-2948-4475-831E-1BC60B488206}.Release|x64.ActiveCfg = Release|Any CPU
		{72C1B694-2948-4475-831E-1BC60B488206}.Release|x64.Build.0 = Release|Any CPU
		{72C1B694-2948-4475-831E-1BC60B488206}.Release|x86.ActiveCfg = Release|Any CPU
		{72C1B694-2948-4475-831E-1BC60B488206}.Release|x86.Build.0 = Release|Any CPU
		{36234294-418D-4E66-9997-1E53508DEC12}.Debug|Any CPU.ActiveCfg = Debug|Any CPU
		{36234294-418D-4E66-9997-1E53508DEC12}.Debug|Any CPU.Build.0 = Debug|Any CPU
		{36234294-418D-4E66-9997-1E53508DEC12}.Debug|x64.ActiveCfg = Debug|Any CPU
		{36234294-418D-4E66-9997-1E53508DEC12}.Debug|x64.Build.0 = Debug|Any CPU
		{36234294-418D-4E66-9997-1E53508DEC12}.Debug|x86.ActiveCfg = Debug|Any CPU
		{36234294-418D-4E66-9997-1E53508DEC12}.Debug|x86.Build.0 = Debug|Any CPU
		{36234294-418D-4E66-9997-1E53508DEC12}.Release|Any CPU.ActiveCfg = Release|Any CPU
		{36234294-418D-4E66-9997-1E53508DEC12}.Release|Any CPU.Build.0 = Release|Any CPU
		{36234294-418D-4E66-9997-1E53508DEC12}.Release|x64.ActiveCfg = Release|Any CPU
		{36234294-418D-4E66-9997-1E53508DEC12}.Release|x64.Build.0 = Release|Any CPU
		{36234294-418D-4E66-9997-1E53508DEC12}.Release|x86.ActiveCfg = Release|Any CPU
		{36234294-418D-4E66-9997-1E53508DEC12}.Release|x86.Build.0 = Release|Any CPU
		{F9AA1A72-AB5F-4DE4-820A-8083CA9EA643}.Debug|Any CPU.ActiveCfg = Debug|Any CPU
		{F9AA1A72-AB5F-4DE4-820A-8083CA9EA643}.Debug|Any CPU.Build.0 = Debug|Any CPU
		{F9AA1A72-AB5F-4DE4-820A-8083CA9EA643}.Debug|x64.ActiveCfg = Debug|Any CPU
		{F9AA1A72-AB5F-4DE4-820A-8083CA9EA643}.Debug|x64.Build.0 = Debug|Any CPU
		{F9AA1A72-AB5F-4DE4-820A-8083CA9EA643}.Debug|x86.ActiveCfg = Debug|Any CPU
		{F9AA1A72-AB5F-4DE4-820A-8083CA9EA643}.Debug|x86.Build.0 = Debug|Any CPU
		{F9AA1A72-AB5F-4DE4-820A-8083CA9EA643}.Release|Any CPU.ActiveCfg = Release|Any CPU
		{F9AA1A72-AB5F-4DE4-820A-8083CA9EA643}.Release|Any CPU.Build.0 = Release|Any CPU
		{F9AA1A72-AB5F-4DE4-820A-8083CA9EA643}.Release|x64.ActiveCfg = Release|Any CPU
		{F9AA1A72-AB5F-4DE4-820A-8083CA9EA643}.Release|x64.Build.0 = Release|Any CPU
		{F9AA1A72-AB5F-4DE4-820A-8083CA9EA643}.Release|x86.ActiveCfg = Release|Any CPU
		{F9AA1A72-AB5F-4DE4-820A-8083CA9EA643}.Release|x86.Build.0 = Release|Any CPU
		{1BC014C6-8271-48EE-AD9A-5A1EA0613CDC}.Debug|Any CPU.ActiveCfg = Debug|Any CPU
		{1BC014C6-8271-48EE-AD9A-5A1EA0613CDC}.Debug|Any CPU.Build.0 = Debug|Any CPU
		{1BC014C6-8271-48EE-AD9A-5A1EA0613CDC}.Debug|x64.ActiveCfg = Debug|Any CPU
		{1BC014C6-8271-48EE-AD9A-5A1EA0613CDC}.Debug|x64.Build.0 = Debug|Any CPU
		{1BC014C6-8271-48EE-AD9A-5A1EA0613CDC}.Debug|x86.ActiveCfg = Debug|Any CPU
		{1BC014C6-8271-48EE-AD9A-5A1EA0613CDC}.Debug|x86.Build.0 = Debug|Any CPU
		{1BC014C6-8271-48EE-AD9A-5A1EA0613CDC}.Release|Any CPU.ActiveCfg = Release|Any CPU
		{1BC014C6-8271-48EE-AD9A-5A1EA0613CDC}.Release|Any CPU.Build.0 = Release|Any CPU
		{1BC014C6-8271-48EE-AD9A-5A1EA0613CDC}.Release|x64.ActiveCfg = Release|Any CPU
		{1BC014C6-8271-48EE-AD9A-5A1EA0613CDC}.Release|x64.Build.0 = Release|Any CPU
		{1BC014C6-8271-48EE-AD9A-5A1EA0613CDC}.Release|x86.ActiveCfg = Release|Any CPU
		{1BC014C6-8271-48EE-AD9A-5A1EA0613CDC}.Release|x86.Build.0 = Release|Any CPU
		{19122D18-FF71-4F30-AE42-EB2867B779B7}.Debug|Any CPU.ActiveCfg = Debug|Any CPU
		{19122D18-FF71-4F30-AE42-EB2867B779B7}.Debug|Any CPU.Build.0 = Debug|Any CPU
		{19122D18-FF71-4F30-AE42-EB2867B779B7}.Debug|x64.ActiveCfg = Debug|Any CPU
		{19122D18-FF71-4F30-AE42-EB2867B779B7}.Debug|x64.Build.0 = Debug|Any CPU
		{19122D18-FF71-4F30-AE42-EB2867B779B7}.Debug|x86.ActiveCfg = Debug|Any CPU
		{19122D18-FF71-4F30-AE42-EB2867B779B7}.Debug|x86.Build.0 = Debug|Any CPU
		{19122D18-FF71-4F30-AE42-EB2867B779B7}.Release|Any CPU.ActiveCfg = Release|Any CPU
		{19122D18-FF71-4F30-AE42-EB2867B779B7}.Release|Any CPU.Build.0 = Release|Any CPU
		{19122D18-FF71-4F30-AE42-EB2867B779B7}.Release|x64.ActiveCfg = Release|Any CPU
		{19122D18-FF71-4F30-AE42-EB2867B779B7}.Release|x64.Build.0 = Release|Any CPU
		{19122D18-FF71-4F30-AE42-EB2867B779B7}.Release|x86.ActiveCfg = Release|Any CPU
		{19122D18-FF71-4F30-AE42-EB2867B779B7}.Release|x86.Build.0 = Release|Any CPU
		{58FD6B8D-6A0D-44BE-A6D5-DD44451B8C9A}.Debug|Any CPU.ActiveCfg = Debug|Any CPU
		{58FD6B8D-6A0D-44BE-A6D5-DD44451B8C9A}.Debug|Any CPU.Build.0 = Debug|Any CPU
		{58FD6B8D-6A0D-44BE-A6D5-DD44451B8C9A}.Debug|x64.ActiveCfg = Debug|Any CPU
		{58FD6B8D-6A0D-44BE-A6D5-DD44451B8C9A}.Debug|x64.Build.0 = Debug|Any CPU
		{58FD6B8D-6A0D-44BE-A6D5-DD44451B8C9A}.Debug|x86.ActiveCfg = Debug|Any CPU
		{58FD6B8D-6A0D-44BE-A6D5-DD44451B8C9A}.Debug|x86.Build.0 = Debug|Any CPU
		{58FD6B8D-6A0D-44BE-A6D5-DD44451B8C9A}.Release|Any CPU.ActiveCfg = Release|Any CPU
		{58FD6B8D-6A0D-44BE-A6D5-DD44451B8C9A}.Release|Any CPU.Build.0 = Release|Any CPU
		{58FD6B8D-6A0D-44BE-A6D5-DD44451B8C9A}.Release|x64.ActiveCfg = Release|Any CPU
		{58FD6B8D-6A0D-44BE-A6D5-DD44451B8C9A}.Release|x64.Build.0 = Release|Any CPU
		{58FD6B8D-6A0D-44BE-A6D5-DD44451B8C9A}.Release|x86.ActiveCfg = Release|Any CPU
		{58FD6B8D-6A0D-44BE-A6D5-DD44451B8C9A}.Release|x86.Build.0 = Release|Any CPU
		{8E39E141-7116-4B87-9E58-3437A14F95AF}.Debug|Any CPU.ActiveCfg = Debug|Any CPU
		{8E39E141-7116-4B87-9E58-3437A14F95AF}.Debug|Any CPU.Build.0 = Debug|Any CPU
		{8E39E141-7116-4B87-9E58-3437A14F95AF}.Debug|x64.ActiveCfg = Debug|Any CPU
		{8E39E141-7116-4B87-9E58-3437A14F95AF}.Debug|x64.Build.0 = Debug|Any CPU
		{8E39E141-7116-4B87-9E58-3437A14F95AF}.Debug|x86.ActiveCfg = Debug|Any CPU
		{8E39E141-7116-4B87-9E58-3437A14F95AF}.Debug|x86.Build.0 = Debug|Any CPU
		{8E39E141-7116-4B87-9E58-3437A14F95AF}.Release|Any CPU.ActiveCfg = Release|Any CPU
		{8E39E141-7116-4B87-9E58-3437A14F95AF}.Release|Any CPU.Build.0 = Release|Any CPU
		{8E39E141-7116-4B87-9E58-3437A14F95AF}.Release|x64.ActiveCfg = Release|Any CPU
		{8E39E141-7116-4B87-9E58-3437A14F95AF}.Release|x64.Build.0 = Release|Any CPU
		{8E39E141-7116-4B87-9E58-3437A14F95AF}.Release|x86.ActiveCfg = Release|Any CPU
		{8E39E141-7116-4B87-9E58-3437A14F95AF}.Release|x86.Build.0 = Release|Any CPU
		{05AA9DD8-CA16-443F-A5E1-DB3D10E9D4BF}.Debug|Any CPU.ActiveCfg = Debug|Any CPU
		{05AA9DD8-CA16-443F-A5E1-DB3D10E9D4BF}.Debug|Any CPU.Build.0 = Debug|Any CPU
		{05AA9DD8-CA16-443F-A5E1-DB3D10E9D4BF}.Debug|x64.ActiveCfg = Debug|Any CPU
		{05AA9DD8-CA16-443F-A5E1-DB3D10E9D4BF}.Debug|x64.Build.0 = Debug|Any CPU
		{05AA9DD8-CA16-443F-A5E1-DB3D10E9D4BF}.Debug|x86.ActiveCfg = Debug|Any CPU
		{05AA9DD8-CA16-443F-A5E1-DB3D10E9D4BF}.Debug|x86.Build.0 = Debug|Any CPU
		{05AA9DD8-CA16-443F-A5E1-DB3D10E9D4BF}.Release|Any CPU.ActiveCfg = Release|Any CPU
		{05AA9DD8-CA16-443F-A5E1-DB3D10E9D4BF}.Release|Any CPU.Build.0 = Release|Any CPU
		{05AA9DD8-CA16-443F-A5E1-DB3D10E9D4BF}.Release|x64.ActiveCfg = Release|Any CPU
		{05AA9DD8-CA16-443F-A5E1-DB3D10E9D4BF}.Release|x64.Build.0 = Release|Any CPU
		{05AA9DD8-CA16-443F-A5E1-DB3D10E9D4BF}.Release|x86.ActiveCfg = Release|Any CPU
		{05AA9DD8-CA16-443F-A5E1-DB3D10E9D4BF}.Release|x86.Build.0 = Release|Any CPU
		{34A07B21-4678-4123-8169-7AC2B3B1E47C}.Debug|Any CPU.ActiveCfg = Debug|Any CPU
		{34A07B21-4678-4123-8169-7AC2B3B1E47C}.Debug|Any CPU.Build.0 = Debug|Any CPU
		{34A07B21-4678-4123-8169-7AC2B3B1E47C}.Debug|x64.ActiveCfg = Debug|Any CPU
		{34A07B21-4678-4123-8169-7AC2B3B1E47C}.Debug|x64.Build.0 = Debug|Any CPU
		{34A07B21-4678-4123-8169-7AC2B3B1E47C}.Debug|x86.ActiveCfg = Debug|Any CPU
		{34A07B21-4678-4123-8169-7AC2B3B1E47C}.Debug|x86.Build.0 = Debug|Any CPU
		{34A07B21-4678-4123-8169-7AC2B3B1E47C}.Release|Any CPU.ActiveCfg = Release|Any CPU
		{34A07B21-4678-4123-8169-7AC2B3B1E47C}.Release|Any CPU.Build.0 = Release|Any CPU
		{34A07B21-4678-4123-8169-7AC2B3B1E47C}.Release|x64.ActiveCfg = Release|Any CPU
		{34A07B21-4678-4123-8169-7AC2B3B1E47C}.Release|x64.Build.0 = Release|Any CPU
		{34A07B21-4678-4123-8169-7AC2B3B1E47C}.Release|x86.ActiveCfg = Release|Any CPU
		{34A07B21-4678-4123-8169-7AC2B3B1E47C}.Release|x86.Build.0 = Release|Any CPU
		{1E6A0A9F-C7AF-475A-BE4E-C44F2CE04237}.Debug|Any CPU.ActiveCfg = Debug|Any CPU
		{1E6A0A9F-C7AF-475A-BE4E-C44F2CE04237}.Debug|Any CPU.Build.0 = Debug|Any CPU
		{1E6A0A9F-C7AF-475A-BE4E-C44F2CE04237}.Debug|x64.ActiveCfg = Debug|Any CPU
		{1E6A0A9F-C7AF-475A-BE4E-C44F2CE04237}.Debug|x64.Build.0 = Debug|Any CPU
		{1E6A0A9F-C7AF-475A-BE4E-C44F2CE04237}.Debug|x86.ActiveCfg = Debug|Any CPU
		{1E6A0A9F-C7AF-475A-BE4E-C44F2CE04237}.Debug|x86.Build.0 = Debug|Any CPU
		{1E6A0A9F-C7AF-475A-BE4E-C44F2CE04237}.Release|Any CPU.ActiveCfg = Release|Any CPU
		{1E6A0A9F-C7AF-475A-BE4E-C44F2CE04237}.Release|Any CPU.Build.0 = Release|Any CPU
		{1E6A0A9F-C7AF-475A-BE4E-C44F2CE04237}.Release|x64.ActiveCfg = Release|Any CPU
		{1E6A0A9F-C7AF-475A-BE4E-C44F2CE04237}.Release|x64.Build.0 = Release|Any CPU
		{1E6A0A9F-C7AF-475A-BE4E-C44F2CE04237}.Release|x86.ActiveCfg = Release|Any CPU
		{1E6A0A9F-C7AF-475A-BE4E-C44F2CE04237}.Release|x86.Build.0 = Release|Any CPU
		{26E30A4C-F23A-4045-BA72-A9508ABF65A7}.Debug|Any CPU.ActiveCfg = Debug|Any CPU
		{26E30A4C-F23A-4045-BA72-A9508ABF65A7}.Debug|Any CPU.Build.0 = Debug|Any CPU
		{26E30A4C-F23A-4045-BA72-A9508ABF65A7}.Debug|x64.ActiveCfg = Debug|Any CPU
		{26E30A4C-F23A-4045-BA72-A9508ABF65A7}.Debug|x64.Build.0 = Debug|Any CPU
		{26E30A4C-F23A-4045-BA72-A9508ABF65A7}.Debug|x86.ActiveCfg = Debug|Any CPU
		{26E30A4C-F23A-4045-BA72-A9508ABF65A7}.Debug|x86.Build.0 = Debug|Any CPU
		{26E30A4C-F23A-4045-BA72-A9508ABF65A7}.Release|Any CPU.ActiveCfg = Release|Any CPU
		{26E30A4C-F23A-4045-BA72-A9508ABF65A7}.Release|Any CPU.Build.0 = Release|Any CPU
		{26E30A4C-F23A-4045-BA72-A9508ABF65A7}.Release|x64.ActiveCfg = Release|Any CPU
		{26E30A4C-F23A-4045-BA72-A9508ABF65A7}.Release|x64.Build.0 = Release|Any CPU
		{26E30A4C-F23A-4045-BA72-A9508ABF65A7}.Release|x86.ActiveCfg = Release|Any CPU
		{26E30A4C-F23A-4045-BA72-A9508ABF65A7}.Release|x86.Build.0 = Release|Any CPU
		{A818CD42-63CC-4B79-BA7B-7DD65DA6CAA5}.Debug|Any CPU.ActiveCfg = Debug|Any CPU
		{A818CD42-63CC-4B79-BA7B-7DD65DA6CAA5}.Debug|Any CPU.Build.0 = Debug|Any CPU
		{A818CD42-63CC-4B79-BA7B-7DD65DA6CAA5}.Debug|x64.ActiveCfg = Debug|Any CPU
		{A818CD42-63CC-4B79-BA7B-7DD65DA6CAA5}.Debug|x64.Build.0 = Debug|Any CPU
		{A818CD42-63CC-4B79-BA7B-7DD65DA6CAA5}.Debug|x86.ActiveCfg = Debug|Any CPU
		{A818CD42-63CC-4B79-BA7B-7DD65DA6CAA5}.Debug|x86.Build.0 = Debug|Any CPU
		{A818CD42-63CC-4B79-BA7B-7DD65DA6CAA5}.Release|Any CPU.ActiveCfg = Release|Any CPU
		{A818CD42-63CC-4B79-BA7B-7DD65DA6CAA5}.Release|Any CPU.Build.0 = Release|Any CPU
		{A818CD42-63CC-4B79-BA7B-7DD65DA6CAA5}.Release|x64.ActiveCfg = Release|Any CPU
		{A818CD42-63CC-4B79-BA7B-7DD65DA6CAA5}.Release|x64.Build.0 = Release|Any CPU
		{A818CD42-63CC-4B79-BA7B-7DD65DA6CAA5}.Release|x86.ActiveCfg = Release|Any CPU
		{A818CD42-63CC-4B79-BA7B-7DD65DA6CAA5}.Release|x86.Build.0 = Release|Any CPU
	EndGlobalSection
	GlobalSection(SolutionProperties) = preSolution
		HideSolutionNode = FALSE
	EndGlobalSection
	GlobalSection(ExtensibilityGlobals) = postSolution
		SolutionGuid = {6C937FC9-B18A-4A45-8191-C8C0B1CF2D12}
	EndGlobalSection
EndGlobal
